// !$*UTF8*$!
{
	archiveVersion = 1;
	classes = {
	};
	objectVersion = 46;
	objects = {

/* Begin PBXBuildFile section */
		520B948D1CA9C5240087EB5A /* alphabetPuzzle.cpp in Sources */ = {isa = PBXBuildFile; fileRef = 52D9AE6D1C9F692C006FC163 /* alphabetPuzzle.cpp */; };
		52AA97E41C9746B900FE5886 /* SDL2.framework in Frameworks */ = {isa = PBXBuildFile; fileRef = 52AA97E31C9746B900FE5886 /* SDL2.framework */; };
		52AA97E81C97555B00FE5886 /* SDL2_image.framework in Frameworks */ = {isa = PBXBuildFile; fileRef = 52AA97E71C97555B00FE5886 /* SDL2_image.framework */; };
		52D9AE611C9F58E2006FC163 /* SDL2_mixer.framework in Frameworks */ = {isa = PBXBuildFile; fileRef = 52D9AE601C9F58E2006FC163 /* SDL2_mixer.framework */; };
		52D9AE631C9F5998006FC163 /* SDL2_ttf.framework in Frameworks */ = {isa = PBXBuildFile; fileRef = 52D9AE621C9F5998006FC163 /* SDL2_ttf.framework */; };
/* End PBXBuildFile section */

/* Begin PBXCopyFilesBuildPhase section */
		52AA97D71C97467800FE5886 /* CopyFiles */ = {
			isa = PBXCopyFilesBuildPhase;
			buildActionMask = 2147483647;
			dstPath = /usr/share/man/man1/;
			dstSubfolderSpec = 0;
			files = (
			);
			runOnlyForDeploymentPostprocessing = 1;
		};
/* End PBXCopyFilesBuildPhase section */

/* Begin PBXFileReference section */
		52AA97D91C97467800FE5886 /* SDL_tutorial */ = {isa = PBXFileReference; explicitFileType = "compiled.mach-o.executable"; includeInIndex = 0; path = SDL_tutorial; sourceTree = BUILT_PRODUCTS_DIR; };
		52AA97DC1C97467800FE5886 /* main.cpp */ = {isa = PBXFileReference; lastKnownFileType = sourcecode.cpp.cpp; path = main.cpp; sourceTree = "<group>"; };
		52AA97E31C9746B900FE5886 /* SDL2.framework */ = {isa = PBXFileReference; lastKnownFileType = wrapper.framework; name = SDL2.framework; path = ../../../../../../../../../../Library/Frameworks/SDL2.framework; sourceTree = "<group>"; };
		52AA97E51C974B5900FE5886 /* image.cpp */ = {isa = PBXFileReference; fileEncoding = 4; lastKnownFileType = sourcecode.cpp.cpp; path = image.cpp; sourceTree = "<group>"; };
		52AA97E71C97555B00FE5886 /* SDL2_image.framework */ = {isa = PBXFileReference; lastKnownFileType = wrapper.framework; name = SDL2_image.framework; path = ../../../../../../../../../../Library/Frameworks/SDL2_image.framework; sourceTree = "<group>"; };
		52D9AE561C9F44E8006FC163 /* event_driven_programming.cpp */ = {isa = PBXFileReference; fileEncoding = 4; lastKnownFileType = sourcecode.cpp.cpp; path = event_driven_programming.cpp; sourceTree = "<group>"; };
		52D9AE581C9F483A006FC163 /* 04_key_presses.cpp */ = {isa = PBXFileReference; fileEncoding = 4; lastKnownFileType = sourcecode.cpp.cpp; name = 04_key_presses.cpp; path = ../../04_key_presses.cpp; sourceTree = "<group>"; };
		52D9AE5A1C9F4F83006FC163 /* 06_extension_libraries_and_loading_other_image_formats.cpp */ = {isa = PBXFileReference; fileEncoding = 4; lastKnownFileType = sourcecode.cpp.cpp; name = 06_extension_libraries_and_loading_other_image_formats.cpp; path = ../../06_extension_libraries_and_loading_other_image_formats.cpp; sourceTree = "<group>"; };
		52D9AE5C1C9F4FE8006FC163 /* 05_optimized_surface_loading_and_soft_stretching.cpp */ = {isa = PBXFileReference; fileEncoding = 4; lastKnownFileType = sourcecode.cpp.cpp; name = 05_optimized_surface_loading_and_soft_stretching.cpp; path = ../../05_optimized_surface_loading_and_soft_stretching.cpp; sourceTree = "<group>"; };
		52D9AE5E1C9F5305006FC163 /* 10_color_keying.cpp */ = {isa = PBXFileReference; fileEncoding = 4; lastKnownFileType = sourcecode.cpp.cpp; name = 10_color_keying.cpp; path = ../../10_color_keying.cpp; sourceTree = "<group>"; };
		52D9AE601C9F58E2006FC163 /* SDL2_mixer.framework */ = {isa = PBXFileReference; lastKnownFileType = wrapper.framework; name = SDL2_mixer.framework; path = ../../../../../../../../../../Library/Frameworks/SDL2_mixer.framework; sourceTree = "<group>"; };
		52D9AE621C9F5998006FC163 /* SDL2_ttf.framework */ = {isa = PBXFileReference; lastKnownFileType = wrapper.framework; name = SDL2_ttf.framework; path = ../../../../../../../../../../Library/Frameworks/SDL2_ttf.framework; sourceTree = "<group>"; };
		52D9AE641C9F5D5D006FC163 /* 14_animated_sprites_and_vsync.cpp */ = {isa = PBXFileReference; fileEncoding = 4; lastKnownFileType = sourcecode.cpp.cpp; name = 14_animated_sprites_and_vsync.cpp; path = ../../14_animated_sprites_and_vsync.cpp; sourceTree = "<group>"; };
		52D9AE661C9F6001006FC163 /* 26_motion.cpp */ = {isa = PBXFileReference; fileEncoding = 4; lastKnownFileType = sourcecode.cpp.cpp; name = 26_motion.cpp; path = ../../26_motion.cpp; sourceTree = "<group>"; };
		52D9AE681C9F607B006FC163 /* movePlayer.cpp */ = {isa = PBXFileReference; fileEncoding = 4; lastKnownFileType = sourcecode.cpp.cpp; path = movePlayer.cpp; sourceTree = "<group>"; };
		52D9AE6B1C9F6878006FC163 /* 32_text_input_and_clipboard_handling.cpp */ = {isa = PBXFileReference; fileEncoding = 4; lastKnownFileType = sourcecode.cpp.cpp; name = 32_text_input_and_clipboard_handling.cpp; path = ../../32_text_input_and_clipboard_handling.cpp; sourceTree = "<group>"; };
		52D9AE6D1C9F692C006FC163 /* alphabetPuzzle.cpp */ = {isa = PBXFileReference; fileEncoding = 4; lastKnownFileType = sourcecode.cpp.cpp; path = alphabetPuzzle.cpp; sourceTree = "<group>"; };
/* End PBXFileReference section */

/* Begin PBXFrameworksBuildPhase section */
		52AA97D61C97467800FE5886 /* Frameworks */ = {
			isa = PBXFrameworksBuildPhase;
			buildActionMask = 2147483647;
			files = (
				52D9AE631C9F5998006FC163 /* SDL2_ttf.framework in Frameworks */,
				52D9AE611C9F58E2006FC163 /* SDL2_mixer.framework in Frameworks */,
				52AA97E81C97555B00FE5886 /* SDL2_image.framework in Frameworks */,
				52AA97E41C9746B900FE5886 /* SDL2.framework in Frameworks */,
			);
			runOnlyForDeploymentPostprocessing = 0;
		};
/* End PBXFrameworksBuildPhase section */

/* Begin PBXGroup section */
		52AA97D01C97467700FE5886 = {
			isa = PBXGroup;
			children = (
				52D9AE621C9F5998006FC163 /* SDL2_ttf.framework */,
				52D9AE601C9F58E2006FC163 /* SDL2_mixer.framework */,
				52AA97E71C97555B00FE5886 /* SDL2_image.framework */,
				52AA97E31C9746B900FE5886 /* SDL2.framework */,
				52AA97DB1C97467800FE5886 /* SDL_tutorial */,
				52AA97DA1C97467800FE5886 /* Products */,
			);
			sourceTree = "<group>";
		};
		52AA97DA1C97467800FE5886 /* Products */ = {
			isa = PBXGroup;
			children = (
				52AA97D91C97467800FE5886 /* SDL_tutorial */,
			);
			name = Products;
			sourceTree = "<group>";
		};
		52AA97DB1C97467800FE5886 /* SDL_tutorial */ = {
			isa = PBXGroup;
			children = (
				52D9AE6B1C9F6878006FC163 /* 32_text_input_and_clipboard_handling.cpp */,
				52D9AE661C9F6001006FC163 /* 26_motion.cpp */,
				52D9AE641C9F5D5D006FC163 /* 14_animated_sprites_and_vsync.cpp */,
				52D9AE5E1C9F5305006FC163 /* 10_color_keying.cpp */,
				52D9AE5C1C9F4FE8006FC163 /* 05_optimized_surface_loading_and_soft_stretching.cpp */,
				52D9AE5A1C9F4F83006FC163 /* 06_extension_libraries_and_loading_other_image_formats.cpp */,
				52D9AE581C9F483A006FC163 /* 04_key_presses.cpp */,
				52AA97DC1C97467800FE5886 /* main.cpp */,
				52AA97E51C974B5900FE5886 /* image.cpp */,
				52D9AE561C9F44E8006FC163 /* event_driven_programming.cpp */,
				52D9AE681C9F607B006FC163 /* movePlayer.cpp */,
				52D9AE6D1C9F692C006FC163 /* alphabetPuzzle.cpp */,
			);
			path = SDL_tutorial;
			sourceTree = "<group>";
		};
/* End PBXGroup section */

/* Begin PBXNativeTarget section */
		52AA97D81C97467800FE5886 /* SDL_tutorial */ = {
			isa = PBXNativeTarget;
			buildConfigurationList = 52AA97E01C97467800FE5886 /* Build configuration list for PBXNativeTarget "SDL_tutorial" */;
			buildPhases = (
				52AA97D51C97467800FE5886 /* Sources */,
				52AA97D61C97467800FE5886 /* Frameworks */,
				52AA97D71C97467800FE5886 /* CopyFiles */,
			);
			buildRules = (
			);
			dependencies = (
			);
			name = SDL_tutorial;
			productName = SDL_tutorial;
			productReference = 52AA97D91C97467800FE5886 /* SDL_tutorial */;
			productType = "com.apple.product-type.tool";
		};
/* End PBXNativeTarget section */

/* Begin PBXProject section */
		52AA97D11C97467800FE5886 /* Project object */ = {
			isa = PBXProject;
			attributes = {
				LastUpgradeCheck = 0720;
				ORGANIZATIONNAME = "Emily Koh";
				TargetAttributes = {
					52AA97D81C97467800FE5886 = {
						CreatedOnToolsVersion = 7.2.1;
					};
				};
			};
			buildConfigurationList = 52AA97D41C97467800FE5886 /* Build configuration list for PBXProject "SDL_tutorial" */;
			compatibilityVersion = "Xcode 3.2";
			developmentRegion = English;
			hasScannedForEncodings = 0;
			knownRegions = (
				en,
			);
			mainGroup = 52AA97D01C97467700FE5886;
			productRefGroup = 52AA97DA1C97467800FE5886 /* Products */;
			projectDirPath = "";
			projectRoot = "";
			targets = (
				52AA97D81C97467800FE5886 /* SDL_tutorial */,
			);
		};
/* End PBXProject section */

/* Begin PBXSourcesBuildPhase section */
		52AA97D51C97467800FE5886 /* Sources */ = {
			isa = PBXSourcesBuildPhase;
			buildActionMask = 2147483647;
			files = (
				520B948D1CA9C5240087EB5A /* alphabetPuzzle.cpp in Sources */,
			);
			runOnlyForDeploymentPostprocessing = 0;
		};
/* End PBXSourcesBuildPhase section */

/* Begin XCBuildConfiguration section */
		52AA97DE1C97467800FE5886 /* Debug */ = {
			isa = XCBuildConfiguration;
			buildSettings = {
				ALWAYS_SEARCH_USER_PATHS = NO;
				CLANG_CXX_LANGUAGE_STANDARD = "gnu++0x";
				CLANG_CXX_LIBRARY = "libc++";
				CLANG_ENABLE_MODULES = YES;
				CLANG_ENABLE_OBJC_ARC = YES;
				CLANG_WARN_BOOL_CONVERSION = YES;
				CLANG_WARN_CONSTANT_CONVERSION = YES;
				CLANG_WARN_DIRECT_OBJC_ISA_USAGE = YES_ERROR;
				CLANG_WARN_EMPTY_BODY = YES;
				CLANG_WARN_ENUM_CONVERSION = YES;
				CLANG_WARN_INT_CONVERSION = YES;
				CLANG_WARN_OBJC_ROOT_CLASS = YES_ERROR;
				CLANG_WARN_UNREACHABLE_CODE = YES;
				CLANG_WARN__DUPLICATE_METHOD_MATCH = YES;
				CODE_SIGN_IDENTITY = "-";
				COPY_PHASE_STRIP = NO;
				DEBUG_INFORMATION_FORMAT = dwarf;
				ENABLE_STRICT_OBJC_MSGSEND = YES;
				ENABLE_TESTABILITY = YES;
				GCC_C_LANGUAGE_STANDARD = gnu99;
				GCC_DYNAMIC_NO_PIC = NO;
				GCC_NO_COMMON_BLOCKS = YES;
				GCC_OPTIMIZATION_LEVEL = 0;
				GCC_PREPROCESSOR_DEFINITIONS = (
					"DEBUG=1",
					"$(inherited)",
				);
				GCC_WARN_64_TO_32_BIT_CONVERSION = YES;
				GCC_WARN_ABOUT_RETURN_TYPE = YES_ERROR;
				GCC_WARN_UNDECLARED_SELECTOR = YES;
				GCC_WARN_UNINITIALIZED_AUTOS = YES_AGGRESSIVE;
				GCC_WARN_UNUSED_FUNCTION = YES;
				GCC_WARN_UNUSED_VARIABLE = YES;
				MACOSX_DEPLOYMENT_TARGET = 10.10;
				MTL_ENABLE_DEBUG_INFO = YES;
				ONLY_ACTIVE_ARCH = YES;
				SDKROOT = macosx;
			};
			name = Debug;
		};
		52AA97DF1C97467800FE5886 /* Release */ = {
			isa = XCBuildConfiguration;
			buildSettings = {
				ALWAYS_SEARCH_USER_PATHS = NO;
				CLANG_CXX_LANGUAGE_STANDARD = "gnu++0x";
				CLANG_CXX_LIBRARY = "libc++";
				CLANG_ENABLE_MODULES = YES;
				CLANG_ENABLE_OBJC_ARC = YES;
				CLANG_WARN_BOOL_CONVERSION = YES;
				CLANG_WARN_CONSTANT_CONVERSION = YES;
				CLANG_WARN_DIRECT_OBJC_ISA_USAGE = YES_ERROR;
				CLANG_WARN_EMPTY_BODY = YES;
				CLANG_WARN_ENUM_CONVERSION = YES;
				CLANG_WARN_INT_CONVERSION = YES;
				CLANG_WARN_OBJC_ROOT_CLASS = YES_ERROR;
				CLANG_WARN_UNREACHABLE_CODE = YES;
				CLANG_WARN__DUPLICATE_METHOD_MATCH = YES;
				CODE_SIGN_IDENTITY = "-";
				COPY_PHASE_STRIP = NO;
				DEBUG_INFORMATION_FORMAT = "dwarf-with-dsym";
				ENABLE_NS_ASSERTIONS = NO;
				ENABLE_STRICT_OBJC_MSGSEND = YES;
				GCC_C_LANGUAGE_STANDARD = gnu99;
				GCC_NO_COMMON_BLOCKS = YES;
				GCC_WARN_64_TO_32_BIT_CONVERSION = YES;
				GCC_WARN_ABOUT_RETURN_TYPE = YES_ERROR;
				GCC_WARN_UNDECLARED_SELECTOR = YES;
				GCC_WARN_UNINITIALIZED_AUTOS = YES_AGGRESSIVE;
				GCC_WARN_UNUSED_FUNCTION = YES;
				GCC_WARN_UNUSED_VARIABLE = YES;
				MACOSX_DEPLOYMENT_TARGET = 10.10;
				MTL_ENABLE_DEBUG_INFO = NO;
				SDKROOT = macosx;
			};
			name = Release;
		};
		52AA97E11C97467800FE5886 /* Debug */ = {
			isa = XCBuildConfiguration;
			buildSettings = {
				FRAMEWORK_SEARCH_PATHS = (
					"$(inherited)",
					"$(LOCAL_LIBRARY_DIR)/Frameworks",
				);
				PRODUCT_NAME = "$(TARGET_NAME)";
			};
			name = Debug;
		};
		52AA97E21C97467800FE5886 /* Release */ = {
			isa = XCBuildConfiguration;
			buildSettings = {
				FRAMEWORK_SEARCH_PATHS = (
					"$(inherited)",
					"$(LOCAL_LIBRARY_DIR)/Frameworks",
				);
				PRODUCT_NAME = "$(TARGET_NAME)";
			};
			name = Release;
		};
/* End XCBuildConfiguration section */

/* Begin XCConfigurationList section */
		52AA97D41C97467800FE5886 /* Build configuration list for PBXProject "SDL_tutorial" */ = {
			isa = XCConfigurationList;
			buildConfigurations = (
				52AA97DE1C97467800FE5886 /* Debug */,
				52AA97DF1C97467800FE5886 /* Release */,
			);
			defaultConfigurationIsVisible = 0;
			defaultConfigurationName = Release;
		};
		52AA97E01C97467800FE5886 /* Build configuration list for PBXNativeTarget "SDL_tutorial" */ = {
			isa = XCConfigurationList;
			buildConfigurations = (
				52AA97E11C97467800FE5886 /* Debug */,
				52AA97E21C97467800FE5886 /* Release */,
			);
			defaultConfigurationIsVisible = 0;
			defaultConfigurationName = Release;
		};
/* End XCConfigurationList section */
	};
	rootObject = 52AA97D11C97467800FE5886 /* Project object */;
}
