// !$*UTF8*$!
{
	archiveVersion = 1;
	classes = {
	};
	objectVersion = 46;
	objects = {

/* Begin PBXBuildFile section */
		5205FE721CB9948500D729C5 /* sdl_win_wrap.cpp in Sources */ = {isa = PBXBuildFile; fileRef = 5205FE6E1CB9948500D729C5 /* sdl_win_wrap.cpp */; };
		5205FE731CB9948500D729C5 /* texture.cpp in Sources */ = {isa = PBXBuildFile; fileRef = 5205FE701CB9948500D729C5 /* texture.cpp */; };
		523F238C1CB1A8FE002E73FD /* SDL2_image.framework in Frameworks */ = {isa = PBXBuildFile; fileRef = 523F23881CB1A8FE002E73FD /* SDL2_image.framework */; };
		523F238D1CB1A8FE002E73FD /* SDL2_mixer.framework in Frameworks */ = {isa = PBXBuildFile; fileRef = 523F23891CB1A8FE002E73FD /* SDL2_mixer.framework */; };
		523F238E1CB1A8FE002E73FD /* SDL2_ttf.framework in Frameworks */ = {isa = PBXBuildFile; fileRef = 523F238A1CB1A8FE002E73FD /* SDL2_ttf.framework */; };
		523F238F1CB1A8FE002E73FD /* SDL2.framework in Frameworks */ = {isa = PBXBuildFile; fileRef = 523F238B1CB1A8FE002E73FD /* SDL2.framework */; };
/* End PBXBuildFile section */

/* Begin PBXCopyFilesBuildPhase section */
		523F23781CB1A883002E73FD /* CopyFiles */ = {
			isa = PBXCopyFilesBuildPhase;
			buildActionMask = 2147483647;
			dstPath = /usr/share/man/man1/;
			dstSubfolderSpec = 0;
			files = (
			);
			runOnlyForDeploymentPostprocessing = 1;
		};
/* End PBXCopyFilesBuildPhase section */

/* Begin PBXFileReference section */
		5205FE6E1CB9948500D729C5 /* sdl_win_wrap.cpp */ = {isa = PBXFileReference; fileEncoding = 4; lastKnownFileType = sourcecode.cpp.cpp; name = sdl_win_wrap.cpp; path = "../../../FinalProject/CSE20212-FinalProject/sudokuGraphic/sdl_win_wrap.cpp"; sourceTree = "<group>"; };
		5205FE6F1CB9948500D729C5 /* sdl_win_wrap.h */ = {isa = PBXFileReference; fileEncoding = 4; lastKnownFileType = sourcecode.c.h; name = sdl_win_wrap.h; path = "../../../FinalProject/CSE20212-FinalProject/sudokuGraphic/sdl_win_wrap.h"; sourceTree = "<group>"; };
		5205FE701CB9948500D729C5 /* texture.cpp */ = {isa = PBXFileReference; fileEncoding = 4; lastKnownFileType = sourcecode.cpp.cpp; name = texture.cpp; path = "../../../FinalProject/CSE20212-FinalProject/sudokuGraphic/texture.cpp"; sourceTree = "<group>"; };
		5205FE711CB9948500D729C5 /* texture.h */ = {isa = PBXFileReference; fileEncoding = 4; lastKnownFileType = sourcecode.c.h; name = texture.h; path = "../../../FinalProject/CSE20212-FinalProject/sudokuGraphic/texture.h"; sourceTree = "<group>"; };
		523F237A1CB1A883002E73FD /* FinalProject */ = {isa = PBXFileReference; explicitFileType = "compiled.mach-o.executable"; includeInIndex = 0; path = FinalProject; sourceTree = BUILT_PRODUCTS_DIR; };
		523F23851CB1A8A1002E73FD /* alphabetPuzzle.cpp */ = {isa = PBXFileReference; fileEncoding = 4; lastKnownFileType = sourcecode.cpp.cpp; path = alphabetPuzzle.cpp; sourceTree = "<group>"; };
		523F23871CB1A8CB002E73FD /* alphabetPuzzle.h */ = {isa = PBXFileReference; lastKnownFileType = sourcecode.c.h; path = alphabetPuzzle.h; sourceTree = "<group>"; };
		523F23881CB1A8FE002E73FD /* SDL2_image.framework */ = {isa = PBXFileReference; lastKnownFileType = wrapper.framework; name = SDL2_image.framework; path = ../../../../../../../../../../Library/Frameworks/SDL2_image.framework; sourceTree = "<group>"; };
		523F23891CB1A8FE002E73FD /* SDL2_mixer.framework */ = {isa = PBXFileReference; lastKnownFileType = wrapper.framework; name = SDL2_mixer.framework; path = ../../../../../../../../../../Library/Frameworks/SDL2_mixer.framework; sourceTree = "<group>"; };
		523F238A1CB1A8FE002E73FD /* SDL2_ttf.framework */ = {isa = PBXFileReference; lastKnownFileType = wrapper.framework; name = SDL2_ttf.framework; path = ../../../../../../../../../../Library/Frameworks/SDL2_ttf.framework; sourceTree = "<group>"; };
		523F238B1CB1A8FE002E73FD /* SDL2.framework */ = {isa = PBXFileReference; lastKnownFileType = wrapper.framework; name = SDL2.framework; path = ../../../../../../../../../../Library/Frameworks/SDL2.framework; sourceTree = "<group>"; };
		523F23901CB1AAD8002E73FD /* main_alphabet.cpp */ = {isa = PBXFileReference; fileEncoding = 4; lastKnownFileType = sourcecode.cpp.cpp; path = main_alphabet.cpp; sourceTree = "<group>"; };
/* End PBXFileReference section */

/* Begin PBXFrameworksBuildPhase section */
		523F23771CB1A883002E73FD /* Frameworks */ = {
			isa = PBXFrameworksBuildPhase;
			buildActionMask = 2147483647;
			files = (
				523F238C1CB1A8FE002E73FD /* SDL2_image.framework in Frameworks */,
				523F238D1CB1A8FE002E73FD /* SDL2_mixer.framework in Frameworks */,
				523F238E1CB1A8FE002E73FD /* SDL2_ttf.framework in Frameworks */,
				523F238F1CB1A8FE002E73FD /* SDL2.framework in Frameworks */,
			);
			runOnlyForDeploymentPostprocessing = 0;
		};
/* End PBXFrameworksBuildPhase section */

/* Begin PBXGroup section */
		523F23711CB1A882002E73FD = {
			isa = PBXGroup;
			children = (
				523F23881CB1A8FE002E73FD /* SDL2_image.framework */,
				523F23891CB1A8FE002E73FD /* SDL2_mixer.framework */,
				523F238A1CB1A8FE002E73FD /* SDL2_ttf.framework */,
				523F238B1CB1A8FE002E73FD /* SDL2.framework */,
				523F237C1CB1A883002E73FD /* FinalProject */,
				523F237B1CB1A883002E73FD /* Products */,
			);
			sourceTree = "<group>";
		};
		523F237B1CB1A883002E73FD /* Products */ = {
			isa = PBXGroup;
			children = (
				523F237A1CB1A883002E73FD /* FinalProject */,
			);
			name = Products;
			sourceTree = "<group>";
		};
		523F237C1CB1A883002E73FD /* FinalProject */ = {
			isa = PBXGroup;
			children = (
				523F23871CB1A8CB002E73FD /* alphabetPuzzle.h */,
				523F23851CB1A8A1002E73FD /* alphabetPuzzle.cpp */,
				523F23901CB1AAD8002E73FD /* main_alphabet.cpp */,
				5205FE6E1CB9948500D729C5 /* sdl_win_wrap.cpp */,
				5205FE6F1CB9948500D729C5 /* sdl_win_wrap.h */,
				5205FE701CB9948500D729C5 /* texture.cpp */,
				5205FE711CB9948500D729C5 /* texture.h */,
			);
			path = FinalProject;
			sourceTree = "<group>";
		};
/* End PBXGroup section */

/* Begin PBXNativeTarget section */
		523F23791CB1A883002E73FD /* FinalProject */ = {
			isa = PBXNativeTarget;
			buildConfigurationList = 523F23811CB1A883002E73FD /* Build configuration list for PBXNativeTarget "FinalProject" */;
			buildPhases = (
				523F23761CB1A883002E73FD /* Sources */,
				523F23771CB1A883002E73FD /* Frameworks */,
				523F23781CB1A883002E73FD /* CopyFiles */,
			);
			buildRules = (
			);
			dependencies = (
			);
			name = FinalProject;
			productName = FinalProject;
			productReference = 523F237A1CB1A883002E73FD /* FinalProject */;
			productType = "com.apple.product-type.tool";
		};
/* End PBXNativeTarget section */

/* Begin PBXProject section */
		523F23721CB1A882002E73FD /* Project object */ = {
			isa = PBXProject;
			attributes = {
				LastUpgradeCheck = 0720;
				ORGANIZATIONNAME = "Emily Koh";
				TargetAttributes = {
					523F23791CB1A883002E73FD = {
						CreatedOnToolsVersion = 7.2.1;
					};
				};
			};
			buildConfigurationList = 523F23751CB1A882002E73FD /* Build configuration list for PBXProject "FinalProject" */;
			compatibilityVersion = "Xcode 3.2";
			developmentRegion = English;
			hasScannedForEncodings = 0;
			knownRegions = (
				en,
			);
			mainGroup = 523F23711CB1A882002E73FD;
			productRefGroup = 523F237B1CB1A883002E73FD /* Products */;
			projectDirPath = "";
			projectRoot = "";
			targets = (
				523F23791CB1A883002E73FD /* FinalProject */,
			);
		};
/* End PBXProject section */

/* Begin PBXSourcesBuildPhase section */
		523F23761CB1A883002E73FD /* Sources */ = {
			isa = PBXSourcesBuildPhase;
			buildActionMask = 2147483647;
			files = (
				5205FE731CB9948500D729C5 /* texture.cpp in Sources */,
				5205FE721CB9948500D729C5 /* sdl_win_wrap.cpp in Sources */,
			);
			runOnlyForDeploymentPostprocessing = 0;
		};
/* End PBXSourcesBuildPhase section */

/* Begin XCBuildConfiguration section */
		523F237F1CB1A883002E73FD /* Debug */ = {
			isa = XCBuildConfiguration;
			buildSettings = {
				ALWAYS_SEARCH_USER_PATHS = NO;
				CLANG_CXX_LANGUAGE_STANDARD = "gnu++0x";
				CLANG_CXX_LIBRARY = "libc++";
				CLANG_ENABLE_MODULES = YES;
				CLANG_ENABLE_OBJC_ARC = YES;
				CLANG_WARN_BOOL_CONVERSION = YES;
				CLANG_WARN_CONSTANT_CONVERSION = YES;
				CLANG_WARN_DIRECT_OBJC_ISA_USAGE = YES_ERROR;
				CLANG_WARN_EMPTY_BODY = YES;
				CLANG_WARN_ENUM_CONVERSION = YES;
				CLANG_WARN_INT_CONVERSION = YES;
				CLANG_WARN_OBJC_ROOT_CLASS = YES_ERROR;
				CLANG_WARN_UNREACHABLE_CODE = YES;
				CLANG_WARN__DUPLICATE_METHOD_MATCH = YES;
				CODE_SIGN_IDENTITY = "-";
				COPY_PHASE_STRIP = NO;
				DEBUG_INFORMATION_FORMAT = dwarf;
				ENABLE_STRICT_OBJC_MSGSEND = YES;
				ENABLE_TESTABILITY = YES;
				GCC_C_LANGUAGE_STANDARD = gnu99;
				GCC_DYNAMIC_NO_PIC = NO;
				GCC_NO_COMMON_BLOCKS = YES;
				GCC_OPTIMIZATION_LEVEL = 0;
				GCC_PREPROCESSOR_DEFINITIONS = (
					"DEBUG=1",
					"$(inherited)",
				);
				GCC_WARN_64_TO_32_BIT_CONVERSION = YES;
				GCC_WARN_ABOUT_RETURN_TYPE = YES_ERROR;
				GCC_WARN_UNDECLARED_SELECTOR = YES;
				GCC_WARN_UNINITIALIZED_AUTOS = YES_AGGRESSIVE;
				GCC_WARN_UNUSED_FUNCTION = YES;
				GCC_WARN_UNUSED_VARIABLE = YES;
				MACOSX_DEPLOYMENT_TARGET = 10.10;
				MTL_ENABLE_DEBUG_INFO = YES;
				ONLY_ACTIVE_ARCH = YES;
				SDKROOT = macosx;
			};
			name = Debug;
		};
		523F23801CB1A883002E73FD /* Release */ = {
			isa = XCBuildConfiguration;
			buildSettings = {
				ALWAYS_SEARCH_USER_PATHS = NO;
				CLANG_CXX_LANGUAGE_STANDARD = "gnu++0x";
				CLANG_CXX_LIBRARY = "libc++";
				CLANG_ENABLE_MODULES = YES;
				CLANG_ENABLE_OBJC_ARC = YES;
				CLANG_WARN_BOOL_CONVERSION = YES;
				CLANG_WARN_CONSTANT_CONVERSION = YES;
				CLANG_WARN_DIRECT_OBJC_ISA_USAGE = YES_ERROR;
				CLANG_WARN_EMPTY_BODY = YES;
				CLANG_WARN_ENUM_CONVERSION = YES;
				CLANG_WARN_INT_CONVERSION = YES;
				CLANG_WARN_OBJC_ROOT_CLASS = YES_ERROR;
				CLANG_WARN_UNREACHABLE_CODE = YES;
				CLANG_WARN__DUPLICATE_METHOD_MATCH = YES;
				CODE_SIGN_IDENTITY = "-";
				COPY_PHASE_STRIP = NO;
				DEBUG_INFORMATION_FORMAT = "dwarf-with-dsym";
				ENABLE_NS_ASSERTIONS = NO;
				ENABLE_STRICT_OBJC_MSGSEND = YES;
				GCC_C_LANGUAGE_STANDARD = gnu99;
				GCC_NO_COMMON_BLOCKS = YES;
				GCC_WARN_64_TO_32_BIT_CONVERSION = YES;
				GCC_WARN_ABOUT_RETURN_TYPE = YES_ERROR;
				GCC_WARN_UNDECLARED_SELECTOR = YES;
				GCC_WARN_UNINITIALIZED_AUTOS = YES_AGGRESSIVE;
				GCC_WARN_UNUSED_FUNCTION = YES;
				GCC_WARN_UNUSED_VARIABLE = YES;
				MACOSX_DEPLOYMENT_TARGET = 10.10;
				MTL_ENABLE_DEBUG_INFO = NO;
				SDKROOT = macosx;
			};
			name = Release;
		};
		523F23821CB1A883002E73FD /* Debug */ = {
			isa = XCBuildConfiguration;
			buildSettings = {
				FRAMEWORK_SEARCH_PATHS = (
					"$(inherited)",
					"$(LOCAL_LIBRARY_DIR)/Frameworks",
				);
				PRODUCT_NAME = "$(TARGET_NAME)";
			};
			name = Debug;
		};
		523F23831CB1A883002E73FD /* Release */ = {
			isa = XCBuildConfiguration;
			buildSettings = {
				FRAMEWORK_SEARCH_PATHS = (
					"$(inherited)",
					"$(LOCAL_LIBRARY_DIR)/Frameworks",
				);
				PRODUCT_NAME = "$(TARGET_NAME)";
			};
			name = Release;
		};
/* End XCBuildConfiguration section */

/* Begin XCConfigurationList section */
		523F23751CB1A882002E73FD /* Build configuration list for PBXProject "FinalProject" */ = {
			isa = XCConfigurationList;
			buildConfigurations = (
				523F237F1CB1A883002E73FD /* Debug */,
				523F23801CB1A883002E73FD /* Release */,
			);
			defaultConfigurationIsVisible = 0;
			defaultConfigurationName = Release;
		};
		523F23811CB1A883002E73FD /* Build configuration list for PBXNativeTarget "FinalProject" */ = {
			isa = XCConfigurationList;
			buildConfigurations = (
				523F23821CB1A883002E73FD /* Debug */,
				523F23831CB1A883002E73FD /* Release */,
			);
			defaultConfigurationIsVisible = 0;
			defaultConfigurationName = Release;
		};
/* End XCConfigurationList section */
	};
	rootObject = 523F23721CB1A882002E73FD /* Project object */;
}
